// !$*UTF8*$!
{
	archiveVersion = 1;
	classes = {
	};
	objectVersion = 50;
	objects = {

/* Begin PBXBuildFile section */
		AD5B95C0245EC77A00794C5C /* AppDelegate.swift in Sources */ = {isa = PBXBuildFile; fileRef = AD5B95BF245EC77A00794C5C /* AppDelegate.swift */; };
		AD5B95C2245EC77A00794C5C /* SceneDelegate.swift in Sources */ = {isa = PBXBuildFile; fileRef = AD5B95C1245EC77A00794C5C /* SceneDelegate.swift */; };
		AD5B95C4245EC77A00794C5C /* ContentView.swift in Sources */ = {isa = PBXBuildFile; fileRef = AD5B95C3245EC77A00794C5C /* ContentView.swift */; };
		AD5B95C6245EC77B00794C5C /* Assets.xcassets in Resources */ = {isa = PBXBuildFile; fileRef = AD5B95C5245EC77B00794C5C /* Assets.xcassets */; };
		AD5B95C9245EC77B00794C5C /* Preview Assets.xcassets in Resources */ = {isa = PBXBuildFile; fileRef = AD5B95C8245EC77B00794C5C /* Preview Assets.xcassets */; };
		AD5B95CC245EC77B00794C5C /* LaunchScreen.storyboard in Resources */ = {isa = PBXBuildFile; fileRef = AD5B95CA245EC77B00794C5C /* LaunchScreen.storyboard */; };
		AD5B95D7245EC77B00794C5C /* Movie_GeneTests.swift in Sources */ = {isa = PBXBuildFile; fileRef = AD5B95D6245EC77B00794C5C /* Movie_GeneTests.swift */; };
		AD5B95E2245EC77B00794C5C /* Movie_GeneUITests.swift in Sources */ = {isa = PBXBuildFile; fileRef = AD5B95E1245EC77B00794C5C /* Movie_GeneUITests.swift */; };
/* End PBXBuildFile section */

/* Begin PBXContainerItemProxy section */
		AD5B95D3245EC77B00794C5C /* PBXContainerItemProxy */ = {
			isa = PBXContainerItemProxy;
			containerPortal = AD5B95B4245EC77A00794C5C /* Project object */;
			proxyType = 1;
			remoteGlobalIDString = AD5B95BB245EC77A00794C5C;
			remoteInfo = "Movie Gene";
		};
		AD5B95DE245EC77B00794C5C /* PBXContainerItemProxy */ = {
			isa = PBXContainerItemProxy;
			containerPortal = AD5B95B4245EC77A00794C5C /* Project object */;
			proxyType = 1;
			remoteGlobalIDString = AD5B95BB245EC77A00794C5C;
			remoteInfo = "Movie Gene";
		};
/* End PBXContainerItemProxy section */

/* Begin PBXFileReference section */
		AD5B95BC245EC77A00794C5C /* Movie Gene.app */ = {isa = PBXFileReference; explicitFileType = wrapper.application; includeInIndex = 0; path = "Movie Gene.app"; sourceTree = BUILT_PRODUCTS_DIR; };
		AD5B95BF245EC77A00794C5C /* AppDelegate.swift */ = {isa = PBXFileReference; lastKnownFileType = sourcecode.swift; path = AppDelegate.swift; sourceTree = "<group>"; };
		AD5B95C1245EC77A00794C5C /* SceneDelegate.swift */ = {isa = PBXFileReference; lastKnownFileType = sourcecode.swift; path = SceneDelegate.swift; sourceTree = "<group>"; };
		AD5B95C3245EC77A00794C5C /* ContentView.swift */ = {isa = PBXFileReference; lastKnownFileType = sourcecode.swift; path = ContentView.swift; sourceTree = "<group>"; };
		AD5B95C5245EC77B00794C5C /* Assets.xcassets */ = {isa = PBXFileReference; lastKnownFileType = folder.assetcatalog; path = Assets.xcassets; sourceTree = "<group>"; };
		AD5B95C8245EC77B00794C5C /* Preview Assets.xcassets */ = {isa = PBXFileReference; lastKnownFileType = folder.assetcatalog; path = "Preview Assets.xcassets"; sourceTree = "<group>"; };
		AD5B95CB245EC77B00794C5C /* Base */ = {isa = PBXFileReference; lastKnownFileType = file.storyboard; name = Base; path = Base.lproj/LaunchScreen.storyboard; sourceTree = "<group>"; };
		AD5B95CD245EC77B00794C5C /* Info.plist */ = {isa = PBXFileReference; lastKnownFileType = text.plist.xml; path = Info.plist; sourceTree = "<group>"; };
		AD5B95D2245EC77B00794C5C /* Movie GeneTests.xctest */ = {isa = PBXFileReference; explicitFileType = wrapper.cfbundle; includeInIndex = 0; path = "Movie GeneTests.xctest"; sourceTree = BUILT_PRODUCTS_DIR; };
		AD5B95D6245EC77B00794C5C /* Movie_GeneTests.swift */ = {isa = PBXFileReference; lastKnownFileType = sourcecode.swift; path = Movie_GeneTests.swift; sourceTree = "<group>"; };
		AD5B95D8245EC77B00794C5C /* Info.plist */ = {isa = PBXFileReference; lastKnownFileType = text.plist.xml; path = Info.plist; sourceTree = "<group>"; };
		AD5B95DD245EC77B00794C5C /* Movie GeneUITests.xctest */ = {isa = PBXFileReference; explicitFileType = wrapper.cfbundle; includeInIndex = 0; path = "Movie GeneUITests.xctest"; sourceTree = BUILT_PRODUCTS_DIR; };
		AD5B95E1245EC77B00794C5C /* Movie_GeneUITests.swift */ = {isa = PBXFileReference; lastKnownFileType = sourcecode.swift; path = Movie_GeneUITests.swift; sourceTree = "<group>"; };
		AD5B95E3245EC77B00794C5C /* Info.plist */ = {isa = PBXFileReference; lastKnownFileType = text.plist.xml; path = Info.plist; sourceTree = "<group>"; };
/* End PBXFileReference section */

/* Begin PBXFrameworksBuildPhase section */
		AD5B95B9245EC77A00794C5C /* Frameworks */ = {
			isa = PBXFrameworksBuildPhase;
			buildActionMask = 2147483647;
			files = (
			);
			runOnlyForDeploymentPostprocessing = 0;
		};
		AD5B95CF245EC77B00794C5C /* Frameworks */ = {
			isa = PBXFrameworksBuildPhase;
			buildActionMask = 2147483647;
			files = (
			);
			runOnlyForDeploymentPostprocessing = 0;
		};
		AD5B95DA245EC77B00794C5C /* Frameworks */ = {
			isa = PBXFrameworksBuildPhase;
			buildActionMask = 2147483647;
			files = (
			);
			runOnlyForDeploymentPostprocessing = 0;
		};
/* End PBXFrameworksBuildPhase section */

/* Begin PBXGroup section */
		AD5B95B3245EC77A00794C5C = {
			isa = PBXGroup;
			children = (
				AD5B95BE245EC77A00794C5C /* Movie Gene */,
				AD5B95D5245EC77B00794C5C /* Movie GeneTests */,
				AD5B95E0245EC77B00794C5C /* Movie GeneUITests */,
				AD5B95BD245EC77A00794C5C /* Products */,
			);
			sourceTree = "<group>";
		};
		AD5B95BD245EC77A00794C5C /* Products */ = {
			isa = PBXGroup;
			children = (
				AD5B95BC245EC77A00794C5C /* Movie Gene.app */,
				AD5B95D2245EC77B00794C5C /* Movie GeneTests.xctest */,
				AD5B95DD245EC77B00794C5C /* Movie GeneUITests.xctest */,
			);
			name = Products;
			sourceTree = "<group>";
		};
		AD5B95BE245EC77A00794C5C /* Movie Gene */ = {
			isa = PBXGroup;
			children = (
				AD5B95BF245EC77A00794C5C /* AppDelegate.swift */,
				AD5B95C1245EC77A00794C5C /* SceneDelegate.swift */,
				AD5B95C3245EC77A00794C5C /* ContentView.swift */,
				AD5B95C5245EC77B00794C5C /* Assets.xcassets */,
				AD5B95CA245EC77B00794C5C /* LaunchScreen.storyboard */,
				AD5B95CD245EC77B00794C5C /* Info.plist */,
				AD5B95C7245EC77B00794C5C /* Preview Content */,
			);
			path = "Movie Gene";
			sourceTree = "<group>";
		};
		AD5B95C7245EC77B00794C5C /* Preview Content */ = {
			isa = PBXGroup;
			children = (
				AD5B95C8245EC77B00794C5C /* Preview Assets.xcassets */,
			);
			path = "Preview Content";
			sourceTree = "<group>";
		};
		AD5B95D5245EC77B00794C5C /* Movie GeneTests */ = {
			isa = PBXGroup;
			children = (
				AD5B95D6245EC77B00794C5C /* Movie_GeneTests.swift */,
				AD5B95D8245EC77B00794C5C /* Info.plist */,
			);
			path = "Movie GeneTests";
			sourceTree = "<group>";
		};
		AD5B95E0245EC77B00794C5C /* Movie GeneUITests */ = {
			isa = PBXGroup;
			children = (
				AD5B95E1245EC77B00794C5C /* Movie_GeneUITests.swift */,
				AD5B95E3245EC77B00794C5C /* Info.plist */,
			);
			path = "Movie GeneUITests";
			sourceTree = "<group>";
		};
/* End PBXGroup section */

/* Begin PBXNativeTarget section */
		AD5B95BB245EC77A00794C5C /* Movie Gene */ = {
			isa = PBXNativeTarget;
			buildConfigurationList = AD5B95E6245EC77B00794C5C /* Build configuration list for PBXNativeTarget "Movie Gene" */;
			buildPhases = (
				AD5B95B8245EC77A00794C5C /* Sources */,
				AD5B95B9245EC77A00794C5C /* Frameworks */,
				AD5B95BA245EC77A00794C5C /* Resources */,
			);
			buildRules = (
			);
			dependencies = (
			);
			name = "Movie Gene";
			productName = "Movie Gene";
			productReference = AD5B95BC245EC77A00794C5C /* Movie Gene.app */;
			productType = "com.apple.product-type.application";
		};
		AD5B95D1245EC77B00794C5C /* Movie GeneTests */ = {
			isa = PBXNativeTarget;
			buildConfigurationList = AD5B95E9245EC77B00794C5C /* Build configuration list for PBXNativeTarget "Movie GeneTests" */;
			buildPhases = (
				AD5B95CE245EC77B00794C5C /* Sources */,
				AD5B95CF245EC77B00794C5C /* Frameworks */,
				AD5B95D0245EC77B00794C5C /* Resources */,
			);
			buildRules = (
			);
			dependencies = (
				AD5B95D4245EC77B00794C5C /* PBXTargetDependency */,
			);
			name = "Movie GeneTests";
			productName = "Movie GeneTests";
			productReference = AD5B95D2245EC77B00794C5C /* Movie GeneTests.xctest */;
			productType = "com.apple.product-type.bundle.unit-test";
		};
		AD5B95DC245EC77B00794C5C /* Movie GeneUITests */ = {
			isa = PBXNativeTarget;
			buildConfigurationList = AD5B95EC245EC77B00794C5C /* Build configuration list for PBXNativeTarget "Movie GeneUITests" */;
			buildPhases = (
				AD5B95D9245EC77B00794C5C /* Sources */,
				AD5B95DA245EC77B00794C5C /* Frameworks */,
				AD5B95DB245EC77B00794C5C /* Resources */,
			);
			buildRules = (
			);
			dependencies = (
				AD5B95DF245EC77B00794C5C /* PBXTargetDependency */,
			);
			name = "Movie GeneUITests";
			productName = "Movie GeneUITests";
			productReference = AD5B95DD245EC77B00794C5C /* Movie GeneUITests.xctest */;
			productType = "com.apple.product-type.bundle.ui-testing";
		};
/* End PBXNativeTarget section */

/* Begin PBXProject section */
		AD5B95B4245EC77A00794C5C /* Project object */ = {
			isa = PBXProject;
			attributes = {
				LastSwiftUpdateCheck = 1130;
				LastUpgradeCheck = 1130;
				ORGANIZATIONNAME = "Krishantha Premaretna";
				TargetAttributes = {
					AD5B95BB245EC77A00794C5C = {
						CreatedOnToolsVersion = 11.3.1;
					};
					AD5B95D1245EC77B00794C5C = {
						CreatedOnToolsVersion = 11.3.1;
						TestTargetID = AD5B95BB245EC77A00794C5C;
					};
					AD5B95DC245EC77B00794C5C = {
						CreatedOnToolsVersion = 11.3.1;
						TestTargetID = AD5B95BB245EC77A00794C5C;
					};
				};
			};
			buildConfigurationList = AD5B95B7245EC77A00794C5C /* Build configuration list for PBXProject "Movie Gene" */;
			compatibilityVersion = "Xcode 9.3";
			developmentRegion = en;
			hasScannedForEncodings = 0;
			knownRegions = (
				en,
				Base,
			);
			mainGroup = AD5B95B3245EC77A00794C5C;
			productRefGroup = AD5B95BD245EC77A00794C5C /* Products */;
			projectDirPath = "";
			projectRoot = "";
			targets = (
				AD5B95BB245EC77A00794C5C /* Movie Gene */,
				AD5B95D1245EC77B00794C5C /* Movie GeneTests */,
				AD5B95DC245EC77B00794C5C /* Movie GeneUITests */,
			);
		};
/* End PBXProject section */

/* Begin PBXResourcesBuildPhase section */
		AD5B95BA245EC77A00794C5C /* Resources */ = {
			isa = PBXResourcesBuildPhase;
			buildActionMask = 2147483647;
			files = (
				AD5B95CC245EC77B00794C5C /* LaunchScreen.storyboard in Resources */,
				AD5B95C9245EC77B00794C5C /* Preview Assets.xcassets in Resources */,
				AD5B95C6245EC77B00794C5C /* Assets.xcassets in Resources */,
			);
			runOnlyForDeploymentPostprocessing = 0;
		};
		AD5B95D0245EC77B00794C5C /* Resources */ = {
			isa = PBXResourcesBuildPhase;
			buildActionMask = 2147483647;
			files = (
			);
			runOnlyForDeploymentPostprocessing = 0;
		};
		AD5B95DB245EC77B00794C5C /* Resources */ = {
			isa = PBXResourcesBuildPhase;
			buildActionMask = 2147483647;
			files = (
			);
			runOnlyForDeploymentPostprocessing = 0;
		};
/* End PBXResourcesBuildPhase section */

/* Begin PBXSourcesBuildPhase section */
		AD5B95B8245EC77A00794C5C /* Sources */ = {
			isa = PBXSourcesBuildPhase;
			buildActionMask = 2147483647;
			files = (
				AD5B95C0245EC77A00794C5C /* AppDelegate.swift in Sources */,
				AD5B95C2245EC77A00794C5C /* SceneDelegate.swift in Sources */,
				AD5B95C4245EC77A00794C5C /* ContentView.swift in Sources */,
			);
			runOnlyForDeploymentPostprocessing = 0;
		};
		AD5B95CE245EC77B00794C5C /* Sources */ = {
			isa = PBXSourcesBuildPhase;
			buildActionMask = 2147483647;
			files = (
				AD5B95D7245EC77B00794C5C /* Movie_GeneTests.swift in Sources */,
			);
			runOnlyForDeploymentPostprocessing = 0;
		};
		AD5B95D9245EC77B00794C5C /* Sources */ = {
			isa = PBXSourcesBuildPhase;
			buildActionMask = 2147483647;
			files = (
				AD5B95E2245EC77B00794C5C /* Movie_GeneUITests.swift in Sources */,
			);
			runOnlyForDeploymentPostprocessing = 0;
		};
/* End PBXSourcesBuildPhase section */

/* Begin PBXTargetDependency section */
		AD5B95D4245EC77B00794C5C /* PBXTargetDependency */ = {
			isa = PBXTargetDependency;
			target = AD5B95BB245EC77A00794C5C /* Movie Gene */;
			targetProxy = AD5B95D3245EC77B00794C5C /* PBXContainerItemProxy */;
		};
		AD5B95DF245EC77B00794C5C /* PBXTargetDependency */ = {
			isa = PBXTargetDependency;
			target = AD5B95BB245EC77A00794C5C /* Movie Gene */;
			targetProxy = AD5B95DE245EC77B00794C5C /* PBXContainerItemProxy */;
		};
/* End PBXTargetDependency section */

/* Begin PBXVariantGroup section */
		AD5B95CA245EC77B00794C5C /* LaunchScreen.storyboard */ = {
			isa = PBXVariantGroup;
			children = (
				AD5B95CB245EC77B00794C5C /* Base */,
			);
			name = LaunchScreen.storyboard;
			sourceTree = "<group>";
		};
/* End PBXVariantGroup section */

/* Begin XCBuildConfiguration section */
		AD5B95E4245EC77B00794C5C /* Debug */ = {
			isa = XCBuildConfiguration;
			buildSettings = {
				ALWAYS_SEARCH_USER_PATHS = NO;
				CLANG_ANALYZER_NONNULL = YES;
				CLANG_ANALYZER_NUMBER_OBJECT_CONVERSION = YES_AGGRESSIVE;
				CLANG_CXX_LANGUAGE_STANDARD = "gnu++14";
				CLANG_CXX_LIBRARY = "libc++";
				CLANG_ENABLE_MODULES = YES;
				CLANG_ENABLE_OBJC_ARC = YES;
				CLANG_ENABLE_OBJC_WEAK = YES;
				CLANG_WARN_BLOCK_CAPTURE_AUTORELEASING = YES;
				CLANG_WARN_BOOL_CONVERSION = YES;
				CLANG_WARN_COMMA = YES;
				CLANG_WARN_CONSTANT_CONVERSION = YES;
				CLANG_WARN_DEPRECATED_OBJC_IMPLEMENTATIONS = YES;
				CLANG_WARN_DIRECT_OBJC_ISA_USAGE = YES_ERROR;
				CLANG_WARN_DOCUMENTATION_COMMENTS = YES;
				CLANG_WARN_EMPTY_BODY = YES;
				CLANG_WARN_ENUM_CONVERSION = YES;
				CLANG_WARN_INFINITE_RECURSION = YES;
				CLANG_WARN_INT_CONVERSION = YES;
				CLANG_WARN_NON_LITERAL_NULL_CONVERSION = YES;
				CLANG_WARN_OBJC_IMPLICIT_RETAIN_SELF = YES;
				CLANG_WARN_OBJC_LITERAL_CONVERSION = YES;
				CLANG_WARN_OBJC_ROOT_CLASS = YES_ERROR;
				CLANG_WARN_RANGE_LOOP_ANALYSIS = YES;
				CLANG_WARN_STRICT_PROTOTYPES = YES;
				CLANG_WARN_SUSPICIOUS_MOVE = YES;
				CLANG_WARN_UNGUARDED_AVAILABILITY = YES_AGGRESSIVE;
				CLANG_WARN_UNREACHABLE_CODE = YES;
				CLANG_WARN__DUPLICATE_METHOD_MATCH = YES;
				COPY_PHASE_STRIP = NO;
				DEBUG_INFORMATION_FORMAT = dwarf;
				ENABLE_STRICT_OBJC_MSGSEND = YES;
				ENABLE_TESTABILITY = YES;
				GCC_C_LANGUAGE_STANDARD = gnu11;
				GCC_DYNAMIC_NO_PIC = NO;
				GCC_NO_COMMON_BLOCKS = YES;
				GCC_OPTIMIZATION_LEVEL = 0;
				GCC_PREPROCESSOR_DEFINITIONS = (
					"DEBUG=1",
					"$(inherited)",
				);
				GCC_WARN_64_TO_32_BIT_CONVERSION = YES;
				GCC_WARN_ABOUT_RETURN_TYPE = YES_ERROR;
				GCC_WARN_UNDECLARED_SELECTOR = YES;
				GCC_WARN_UNINITIALIZED_AUTOS = YES_AGGRESSIVE;
				GCC_WARN_UNUSED_FUNCTION = YES;
				GCC_WARN_UNUSED_VARIABLE = YES;
				IPHONEOS_DEPLOYMENT_TARGET = 13.2;
				MTL_ENABLE_DEBUG_INFO = INCLUDE_SOURCE;
				MTL_FAST_MATH = YES;
				ONLY_ACTIVE_ARCH = YES;
				SDKROOT = iphoneos;
				SWIFT_ACTIVE_COMPILATION_CONDITIONS = DEBUG;
				SWIFT_OPTIMIZATION_LEVEL = "-Onone";
			};
			name = Debug;
		};
		AD5B95E5245EC77B00794C5C /* Release */ = {
			isa = XCBuildConfiguration;
			buildSettings = {
				ALWAYS_SEARCH_USER_PATHS = NO;
				CLANG_ANALYZER_NONNULL = YES;
				CLANG_ANALYZER_NUMBER_OBJECT_CONVERSION = YES_AGGRESSIVE;
				CLANG_CXX_LANGUAGE_STANDARD = "gnu++14";
				CLANG_CXX_LIBRARY = "libc++";
				CLANG_ENABLE_MODULES = YES;
				CLANG_ENABLE_OBJC_ARC = YES;
				CLANG_ENABLE_OBJC_WEAK = YES;
				CLANG_WARN_BLOCK_CAPTURE_AUTORELEASING = YES;
				CLANG_WARN_BOOL_CONVERSION = YES;
				CLANG_WARN_COMMA = YES;
				CLANG_WARN_CONSTANT_CONVERSION = YES;
				CLANG_WARN_DEPRECATED_OBJC_IMPLEMENTATIONS = YES;
				CLANG_WARN_DIRECT_OBJC_ISA_USAGE = YES_ERROR;
				CLANG_WARN_DOCUMENTATION_COMMENTS = YES;
				CLANG_WARN_EMPTY_BODY = YES;
				CLANG_WARN_ENUM_CONVERSION = YES;
				CLANG_WARN_INFINITE_RECURSION = YES;
				CLANG_WARN_INT_CONVERSION = YES;
				CLANG_WARN_NON_LITERAL_NULL_CONVERSION = YES;
				CLANG_WARN_OBJC_IMPLICIT_RETAIN_SELF = YES;
				CLANG_WARN_OBJC_LITERAL_CONVERSION = YES;
				CLANG_WARN_OBJC_ROOT_CLASS = YES_ERROR;
				CLANG_WARN_RANGE_LOOP_ANALYSIS = YES;
				CLANG_WARN_STRICT_PROTOTYPES = YES;
				CLANG_WARN_SUSPICIOUS_MOVE = YES;
				CLANG_WARN_UNGUARDED_AVAILABILITY = YES_AGGRESSIVE;
				CLANG_WARN_UNREACHABLE_CODE = YES;
				CLANG_WARN__DUPLICATE_METHOD_MATCH = YES;
				COPY_PHASE_STRIP = NO;
				DEBUG_INFORMATION_FORMAT = "dwarf-with-dsym";
				ENABLE_NS_ASSERTIONS = NO;
				ENABLE_STRICT_OBJC_MSGSEND = YES;
				GCC_C_LANGUAGE_STANDARD = gnu11;
				GCC_NO_COMMON_BLOCKS = YES;
				GCC_WARN_64_TO_32_BIT_CONVERSION = YES;
				GCC_WARN_ABOUT_RETURN_TYPE = YES_ERROR;
				GCC_WARN_UNDECLARED_SELECTOR = YES;
				GCC_WARN_UNINITIALIZED_AUTOS = YES_AGGRESSIVE;
				GCC_WARN_UNUSED_FUNCTION = YES;
				GCC_WARN_UNUSED_VARIABLE = YES;
				IPHONEOS_DEPLOYMENT_TARGET = 13.2;
				MTL_ENABLE_DEBUG_INFO = NO;
				MTL_FAST_MATH = YES;
				SDKROOT = iphoneos;
				SWIFT_COMPILATION_MODE = wholemodule;
				SWIFT_OPTIMIZATION_LEVEL = "-O";
				VALIDATE_PRODUCT = YES;
			};
			name = Release;
		};
		AD5B95E7245EC77B00794C5C /* Debug */ = {
			isa = XCBuildConfiguration;
			buildSettings = {
				ASSETCATALOG_COMPILER_APPICON_NAME = AppIcon;
				CODE_SIGN_STYLE = Automatic;
				DEVELOPMENT_ASSET_PATHS = "\"Movie Gene/Preview Content\"";
				DEVELOPMENT_TEAM = FAJ9FJ2PT2;
				ENABLE_PREVIEWS = YES;
				INFOPLIST_FILE = "Movie Gene/Info.plist";
				LD_RUNPATH_SEARCH_PATHS = (
					"$(inherited)",
					"@executable_path/Frameworks",
				);
				PRODUCT_BUNDLE_IDENTIFIER = "com.alphs.Movie-Gene";
				PRODUCT_NAME = "$(TARGET_NAME)";
				SWIFT_VERSION = 5.0;
				TARGETED_DEVICE_FAMILY = "1,2";
			};
			name = Debug;
		};
		AD5B95E8245EC77B00794C5C /* Release */ = {
			isa = XCBuildConfiguration;
			buildSettings = {
				ASSETCATALOG_COMPILER_APPICON_NAME = AppIcon;
				CODE_SIGN_STYLE = Automatic;
				DEVELOPMENT_ASSET_PATHS = "\"Movie Gene/Preview Content\"";
				DEVELOPMENT_TEAM = FAJ9FJ2PT2;
				ENABLE_PREVIEWS = YES;
				INFOPLIST_FILE = "Movie Gene/Info.plist";
				LD_RUNPATH_SEARCH_PATHS = (
					"$(inherited)",
					"@executable_path/Frameworks",
				);
				PRODUCT_BUNDLE_IDENTIFIER = "com.alphs.Movie-Gene";
				PRODUCT_NAME = "$(TARGET_NAME)";
				SWIFT_VERSION = 5.0;
				TARGETED_DEVICE_FAMILY = "1,2";
			};
			name = Release;
		};
		AD5B95EA245EC77B00794C5C /* Debug */ = {
			isa = XCBuildConfiguration;
			buildSettings = {
				ALWAYS_EMBED_SWIFT_STANDARD_LIBRARIES = YES;
				BUNDLE_LOADER = "$(TEST_HOST)";
				CODE_SIGN_STYLE = Automatic;
				DEVELOPMENT_TEAM = FAJ9FJ2PT2;
				INFOPLIST_FILE = "Movie GeneTests/Info.plist";
				IPHONEOS_DEPLOYMENT_TARGET = 13.2;
				LD_RUNPATH_SEARCH_PATHS = (
					"$(inherited)",
					"@executable_path/Frameworks",
					"@loader_path/Frameworks",
				);
				PRODUCT_BUNDLE_IDENTIFIER = "com.alphs.Movie-GeneTests";
				PRODUCT_NAME = "$(TARGET_NAME)";
				SWIFT_VERSION = 5.0;
				TARGETED_DEVICE_FAMILY = "1,2";
				TEST_HOST = "$(BUILT_PRODUCTS_DIR)/Movie Gene.app/Movie Gene";
			};
			name = Debug;
		};
		AD5B95EB245EC77B00794C5C /* Release */ = {
			isa = XCBuildConfiguration;
			buildSettings = {
				ALWAYS_EMBED_SWIFT_STANDARD_LIBRARIES = YES;
				BUNDLE_LOADER = "$(TEST_HOST)";
				CODE_SIGN_STYLE = Automatic;
				DEVELOPMENT_TEAM = FAJ9FJ2PT2;
				INFOPLIST_FILE = "Movie GeneTests/Info.plist";
				IPHONEOS_DEPLOYMENT_TARGET = 13.2;
				LD_RUNPATH_SEARCH_PATHS = (
					"$(inherited)",
					"@executable_path/Frameworks",
					"@loader_path/Frameworks",
				);
				PRODUCT_BUNDLE_IDENTIFIER = "com.alphs.Movie-GeneTests";
				PRODUCT_NAME = "$(TARGET_NAME)";
				SWIFT_VERSION = 5.0;
				TARGETED_DEVICE_FAMILY = "1,2";
				TEST_HOST = "$(BUILT_PRODUCTS_DIR)/Movie Gene.app/Movie Gene";
			};
			name = Release;
		};
		AD5B95ED245EC77B00794C5C /* Debug */ = {
			isa = XCBuildConfiguration;
			buildSettings = {
				ALWAYS_EMBED_SWIFT_STANDARD_LIBRARIES = YES;
				CODE_SIGN_STYLE = Automatic;
				DEVELOPMENT_TEAM = FAJ9FJ2PT2;
				INFOPLIST_FILE = "Movie GeneUITests/Info.plist";
				LD_RUNPATH_SEARCH_PATHS = (
					"$(inherited)",
					"@executable_path/Frameworks",
					"@loader_path/Frameworks",
				);
				PRODUCT_BUNDLE_IDENTIFIER = "com.alphs.Movie-GeneUITests";
				PRODUCT_NAME = "$(TARGET_NAME)";
				SWIFT_VERSION = 5.0;
				TARGETED_DEVICE_FAMILY = "1,2";
				TEST_TARGET_NAME = "Movie Gene";
			};
			name = Debug;
		};
		AD5B95EE245EC77B00794C5C /* Release */ = {
			isa = XCBuildConfiguration;
			buildSettings = {
				ALWAYS_EMBED_SWIFT_STANDARD_LIBRARIES = YES;
				CODE_SIGN_STYLE = Automatic;
				DEVELOPMENT_TEAM = FAJ9FJ2PT2;
				INFOPLIST_FILE = "Movie GeneUITests/Info.plist";
				LD_RUNPATH_SEARCH_PATHS = (
					"$(inherited)",
					"@executable_path/Frameworks",
					"@loader_path/Frameworks",
				);
				PRODUCT_BUNDLE_IDENTIFIER = "com.alphs.Movie-GeneUITests";
				PRODUCT_NAME = "$(TARGET_NAME)";
				SWIFT_VERSION = 5.0;
				TARGETED_DEVICE_FAMILY = "1,2";
				TEST_TARGET_NAME = "Movie Gene";
			};
			name = Release;
		};
/* End XCBuildConfiguration section */

/* Begin XCConfigurationList section */
		AD5B95B7245EC77A00794C5C /* Build configuration list for PBXProject "Movie Gene" */ = {
			isa = XCConfigurationList;
			buildConfigurations = (
				AD5B95E4245EC77B00794C5C /* Debug */,
				AD5B95E5245EC77B00794C5C /* Release */,
			);
			defaultConfigurationIsVisible = 0;
			defaultConfigurationName = Release;
		};
		AD5B95E6245EC77B00794C5C /* Build configuration list for PBXNativeTarget "Movie Gene" */ = {
			isa = XCConfigurationList;
			buildConfigurations = (
				AD5B95E7245EC77B00794C5C /* Debug */,
				AD5B95E8245EC77B00794C5C /* Release */,
			);
			defaultConfigurationIsVisible = 0;
			defaultConfigurationName = Release;
		};
		AD5B95E9245EC77B00794C5C /* Build configuration list for PBXNativeTarget "Movie GeneTests" */ = {
			isa = XCConfigurationList;
			buildConfigurations = (
				AD5B95EA245EC77B00794C5C /* Debug */,
				AD5B95EB245EC77B00794C5C /* Release */,
			);
			defaultConfigurationIsVisible = 0;
			defaultConfigurationName = Release;
		};
		AD5B95EC245EC77B00794C5C /* Build configuration list for PBXNativeTarget "Movie GeneUITests" */ = {
			isa = XCConfigurationList;
			buildConfigurations = (
				AD5B95ED245EC77B00794C5C /* Debug */,
				AD5B95EE245EC77B00794C5C /* Release */,
			);
			defaultConfigurationIsVisible = 0;
			defaultConfigurationName = Release;
		};
/* End XCConfigurationList section */
	};
	rootObject = AD5B95B4245EC77A00794C5C /* Project object */;
}
